
Microsoft Visual Studio Solution File, Format Version 12.00
# Visual Studio 15
VisualStudioVersion = 15.0.26730.15
MinimumVisualStudioVersion = 10.0.40219.1
Project("{FAE04EC0-301F-11D3-BF4B-00C04F79EFBC}") = "BestFit", "BestFit\BestFit.csproj", "{0477FFF8-EBCC-4259-BFF6-4F8BACBBD094}"
EndProject
Global
	GlobalSection(SolutionConfigurationPlatforms) = preSolution
		Debug|Any CPU = Debug|Any CPU
		Release|Any CPU = Release|Any CPU
	EndGlobalSection
	GlobalSection(ProjectConfigurationPlatforms) = postSolution
		{0477FFF8-EBCC-4259-BFF6-4F8BACBBD094}.Debug|Any CPU.ActiveCfg = Debug|Any CPU
		{0477FFF8-EBCC-4259-BFF6-4F8BACBBD094}.Debug|Any CPU.Build.0 = Debug|Any CPU
		{0477FFF8-EBCC-4259-BFF6-4F8BACBBD094}.Release|Any CPU.ActiveCfg = Release|Any CPU
		{0477FFF8-EBCC-4259-BFF6-4F8BACBBD094}.Release|Any CPU.Build.0 = Release|Any CPU
	EndGlobalSection
	GlobalSection(SolutionProperties) = preSolution
		HideSolutionNode = FALSE
	EndGlobalSection
	GlobalSection(ExtensibilityGlobals) = postSolution
		SolutionGuid = {0A64AEC7-8A4C-47D5-8EB9-9661F65B320D}
	EndGlobalSection
EndGlobal
